
Microsoft Visual Studio Solution File, Format Version 12.00
# Visual Studio Version 17
VisualStudioVersion = 17.2.32516.85
MinimumVisualStudioVersion = 10.0.40219.1
Project("{FAE04EC0-301F-11D3-BF4B-00C04F79EFBC}") = "Wheelie", "Wheelie\Wheelie.csproj", "{554C8904-FB41-4D13-9787-27951EC3C6A9}"
EndProject
Global
	GlobalSection(SolutionConfigurationPlatforms) = preSolution
		Debug|Any CPU = Debug|Any CPU
		Release|Any CPU = Release|Any CPU
	EndGlobalSection
	GlobalSection(ProjectConfigurationPlatforms) = postSolution
		{554C8904-FB41-4D13-9787-27951EC3C6A9}.Debug|Any CPU.ActiveCfg = Debug|Any CPU
		{554C8904-FB41-4D13-9787-27951EC3C6A9}.Debug|Any CPU.Build.0 = Debug|Any CPU
		{554C8904-FB41-4D13-9787-27951EC3C6A9}.Release|Any CPU.ActiveCfg = Release|Any CPU
		{554C8904-FB41-4D13-9787-27951EC3C6A9}.Release|Any CPU.Build.0 = Release|Any CPU
	EndGlobalSection
	GlobalSection(SolutionProperties) = preSolution
		HideSolutionNode = FALSE
	EndGlobalSection
	GlobalSection(ExtensibilityGlobals) = postSolution
		SolutionGuid = {587B637B-7C63-48F3-A297-FA2A1E0F37E4}
	EndGlobalSection
EndGlobal
